// !$*UTF8*$!
{
	archiveVersion = 1;
	classes = {
	};
	objectVersion = 46;
	objects = {

/* Begin PBXBuildFile section */
		FA0E942714D773F6003B0BF5 /* UIKit.framework in Frameworks */ = {isa = PBXBuildFile; fileRef = FA0E942614D773F6003B0BF5 /* UIKit.framework */; };
		FA0E942914D773F6003B0BF5 /* Foundation.framework in Frameworks */ = {isa = PBXBuildFile; fileRef = FA0E942814D773F6003B0BF5 /* Foundation.framework */; };
		FA0E942B14D773F6003B0BF5 /* CoreGraphics.framework in Frameworks */ = {isa = PBXBuildFile; fileRef = FA0E942A14D773F6003B0BF5 /* CoreGraphics.framework */; };
		FA0E943114D773F6003B0BF5 /* InfoPlist.strings in Resources */ = {isa = PBXBuildFile; fileRef = FA0E942F14D773F6003B0BF5 /* InfoPlist.strings */; };
		FA0E943314D773F6003B0BF5 /* main.m in Sources */ = {isa = PBXBuildFile; fileRef = FA0E943214D773F6003B0BF5 /* main.m */; };
		FA0E943714D773F6003B0BF5 /* AppDelegate.m in Sources */ = {isa = PBXBuildFile; fileRef = FA0E943614D773F6003B0BF5 /* AppDelegate.m */; };
		FA0E943A14D773F6003B0BF5 /* MainStoryboard.storyboard in Resources */ = {isa = PBXBuildFile; fileRef = FA0E943814D773F6003B0BF5 /* MainStoryboard.storyboard */; };
		FA0E943D14D773F6003B0BF5 /* FirstViewController.m in Sources */ = {isa = PBXBuildFile; fileRef = FA0E943C14D773F6003B0BF5 /* FirstViewController.m */; };
		FA0E943F14D773F6003B0BF5 /* first.png in Resources */ = {isa = PBXBuildFile; fileRef = FA0E943E14D773F6003B0BF5 /* first.png */; };
		FA0E944114D773F6003B0BF5 /* first@2x.png in Resources */ = {isa = PBXBuildFile; fileRef = FA0E944014D773F6003B0BF5 /* first@2x.png */; };
		FA0E944414D773F6003B0BF5 /* SecondViewController.m in Sources */ = {isa = PBXBuildFile; fileRef = FA0E944314D773F6003B0BF5 /* SecondViewController.m */; };
		FA0E944614D773F6003B0BF5 /* second.png in Resources */ = {isa = PBXBuildFile; fileRef = FA0E944514D773F6003B0BF5 /* second.png */; };
		FA0E944814D773F6003B0BF5 /* second@2x.png in Resources */ = {isa = PBXBuildFile; fileRef = FA0E944714D773F6003B0BF5 /* second@2x.png */; };
/* End PBXBuildFile section */

/* Begin PBXFileReference section */
		FA0E942214D773F6003B0BF5 /* TP1Partie3.app */ = {isa = PBXFileReference; explicitFileType = wrapper.application; includeInIndex = 0; path = TP1Partie3.app; sourceTree = BUILT_PRODUCTS_DIR; };
		FA0E942614D773F6003B0BF5 /* UIKit.framework */ = {isa = PBXFileReference; lastKnownFileType = wrapper.framework; name = UIKit.framework; path = System/Library/Frameworks/UIKit.framework; sourceTree = SDKROOT; };
		FA0E942814D773F6003B0BF5 /* Foundation.framework */ = {isa = PBXFileReference; lastKnownFileType = wrapper.framework; name = Foundation.framework; path = System/Library/Frameworks/Foundation.framework; sourceTree = SDKROOT; };
		FA0E942A14D773F6003B0BF5 /* CoreGraphics.framework */ = {isa = PBXFileReference; lastKnownFileType = wrapper.framework; name = CoreGraphics.framework; path = System/Library/Frameworks/CoreGraphics.framework; sourceTree = SDKROOT; };
		FA0E942E14D773F6003B0BF5 /* TP1Partie3-Info.plist */ = {isa = PBXFileReference; lastKnownFileType = text.plist.xml; path = "TP1Partie3-Info.plist"; sourceTree = "<group>"; };
		FA0E943014D773F6003B0BF5 /* en */ = {isa = PBXFileReference; lastKnownFileType = text.plist.strings; name = en; path = en.lproj/InfoPlist.strings; sourceTree = "<group>"; };
		FA0E943214D773F6003B0BF5 /* main.m */ = {isa = PBXFileReference; lastKnownFileType = sourcecode.c.objc; path = main.m; sourceTree = "<group>"; };
		FA0E943414D773F6003B0BF5 /* TP1Partie3-Prefix.pch */ = {isa = PBXFileReference; lastKnownFileType = sourcecode.c.h; path = "TP1Partie3-Prefix.pch"; sourceTree = "<group>"; };
		FA0E943514D773F6003B0BF5 /* AppDelegate.h */ = {isa = PBXFileReference; lastKnownFileType = sourcecode.c.h; path = AppDelegate.h; sourceTree = "<group>"; };
		FA0E943614D773F6003B0BF5 /* AppDelegate.m */ = {isa = PBXFileReference; lastKnownFileType = sourcecode.c.objc; path = AppDelegate.m; sourceTree = "<group>"; };
		FA0E943914D773F6003B0BF5 /* en */ = {isa = PBXFileReference; lastKnownFileType = file.storyboard; name = en; path = en.lproj/MainStoryboard.storyboard; sourceTree = "<group>"; };
		FA0E943B14D773F6003B0BF5 /* FirstViewController.h */ = {isa = PBXFileReference; lastKnownFileType = sourcecode.c.h; path = FirstViewController.h; sourceTree = "<group>"; };
		FA0E943C14D773F6003B0BF5 /* FirstViewController.m */ = {isa = PBXFileReference; lastKnownFileType = sourcecode.c.objc; path = FirstViewController.m; sourceTree = "<group>"; };
		FA0E943E14D773F6003B0BF5 /* first.png */ = {isa = PBXFileReference; lastKnownFileType = image.png; path = first.png; sourceTree = "<group>"; };
		FA0E944014D773F6003B0BF5 /* first@2x.png */ = {isa = PBXFileReference; lastKnownFileType = image.png; path = "first@2x.png"; sourceTree = "<group>"; };
		FA0E944214D773F6003B0BF5 /* SecondViewController.h */ = {isa = PBXFileReference; lastKnownFileType = sourcecode.c.h; path = SecondViewController.h; sourceTree = "<group>"; };
		FA0E944314D773F6003B0BF5 /* SecondViewController.m */ = {isa = PBXFileReference; lastKnownFileType = sourcecode.c.objc; path = SecondViewController.m; sourceTree = "<group>"; };
		FA0E944514D773F6003B0BF5 /* second.png */ = {isa = PBXFileReference; lastKnownFileType = image.png; path = second.png; sourceTree = "<group>"; };
		FA0E944714D773F6003B0BF5 /* second@2x.png */ = {isa = PBXFileReference; lastKnownFileType = image.png; path = "second@2x.png"; sourceTree = "<group>"; };
/* End PBXFileReference section */

/* Begin PBXFrameworksBuildPhase section */
		FA0E941F14D773F6003B0BF5 /* Frameworks */ = {
			isa = PBXFrameworksBuildPhase;
			buildActionMask = 2147483647;
			files = (
				FA0E942714D773F6003B0BF5 /* UIKit.framework in Frameworks */,
				FA0E942914D773F6003B0BF5 /* Foundation.framework in Frameworks */,
				FA0E942B14D773F6003B0BF5 /* CoreGraphics.framework in Frameworks */,
			);
			runOnlyForDeploymentPostprocessing = 0;
		};
/* End PBXFrameworksBuildPhase section */

/* Begin PBXGroup section */
		FA0E941714D773F5003B0BF5 = {
			isa = PBXGroup;
			children = (
				FA0E942C14D773F6003B0BF5 /* TP1Partie3 */,
				FA0E942514D773F6003B0BF5 /* Frameworks */,
				FA0E942314D773F6003B0BF5 /* Products */,
			);
			sourceTree = "<group>";
		};
		FA0E942314D773F6003B0BF5 /* Products */ = {
			isa = PBXGroup;
			children = (
				FA0E942214D773F6003B0BF5 /* TP1Partie3.app */,
			);
			name = Products;
			sourceTree = "<group>";
		};
		FA0E942514D773F6003B0BF5 /* Frameworks */ = {
			isa = PBXGroup;
			children = (
				FA0E942614D773F6003B0BF5 /* UIKit.framework */,
				FA0E942814D773F6003B0BF5 /* Foundation.framework */,
				FA0E942A14D773F6003B0BF5 /* CoreGraphics.framework */,
			);
			name = Frameworks;
			sourceTree = "<group>";
		};
		FA0E942C14D773F6003B0BF5 /* TP1Partie3 */ = {
			isa = PBXGroup;
			children = (
				FA0E943514D773F6003B0BF5 /* AppDelegate.h */,
				FA0E943614D773F6003B0BF5 /* AppDelegate.m */,
				FA0E943814D773F6003B0BF5 /* MainStoryboard.storyboard */,
				FA0E943B14D773F6003B0BF5 /* FirstViewController.h */,
				FA0E943C14D773F6003B0BF5 /* FirstViewController.m */,
				FA0E943E14D773F6003B0BF5 /* first.png */,
				FA0E944014D773F6003B0BF5 /* first@2x.png */,
				FA0E944214D773F6003B0BF5 /* SecondViewController.h */,
				FA0E944314D773F6003B0BF5 /* SecondViewController.m */,
				FA0E944514D773F6003B0BF5 /* second.png */,
				FA0E944714D773F6003B0BF5 /* second@2x.png */,
				FA0E942D14D773F6003B0BF5 /* Supporting Files */,
			);
			path = TP1Partie3;
			sourceTree = "<group>";
		};
		FA0E942D14D773F6003B0BF5 /* Supporting Files */ = {
			isa = PBXGroup;
			children = (
				FA0E942E14D773F6003B0BF5 /* TP1Partie3-Info.plist */,
				FA0E942F14D773F6003B0BF5 /* InfoPlist.strings */,
				FA0E943214D773F6003B0BF5 /* main.m */,
				FA0E943414D773F6003B0BF5 /* TP1Partie3-Prefix.pch */,
			);
			name = "Supporting Files";
			sourceTree = "<group>";
		};
/* End PBXGroup section */

/* Begin PBXNativeTarget section */
		FA0E942114D773F6003B0BF5 /* TP1Partie3 */ = {
			isa = PBXNativeTarget;
			buildConfigurationList = FA0E944B14D773F6003B0BF5 /* Build configuration list for PBXNativeTarget "TP1Partie3" */;
			buildPhases = (
				FA0E941E14D773F6003B0BF5 /* Sources */,
				FA0E941F14D773F6003B0BF5 /* Frameworks */,
				FA0E942014D773F6003B0BF5 /* Resources */,
			);
			buildRules = (
			);
			dependencies = (
			);
			name = TP1Partie3;
			productName = TP1Partie3;
			productReference = FA0E942214D773F6003B0BF5 /* TP1Partie3.app */;
			productType = "com.apple.product-type.application";
		};
/* End PBXNativeTarget section */

/* Begin PBXProject section */
		FA0E941914D773F5003B0BF5 /* Project object */ = {
			isa = PBXProject;
			attributes = {
				LastUpgradeCheck = 0420;
			};
			buildConfigurationList = FA0E941C14D773F5003B0BF5 /* Build configuration list for PBXProject "TP1Partie3" */;
			compatibilityVersion = "Xcode 3.2";
			developmentRegion = English;
			hasScannedForEncodings = 0;
			knownRegions = (
				en,
			);
			mainGroup = FA0E941714D773F5003B0BF5;
			productRefGroup = FA0E942314D773F6003B0BF5 /* Products */;
			projectDirPath = "";
			projectRoot = "";
			targets = (
				FA0E942114D773F6003B0BF5 /* TP1Partie3 */,
			);
		};
/* End PBXProject section */

/* Begin PBXResourcesBuildPhase section */
		FA0E942014D773F6003B0BF5 /* Resources */ = {
			isa = PBXResourcesBuildPhase;
			buildActionMask = 2147483647;
			files = (
				FA0E943114D773F6003B0BF5 /* InfoPlist.strings in Resources */,
				FA0E943A14D773F6003B0BF5 /* MainStoryboard.storyboard in Resources */,
				FA0E943F14D773F6003B0BF5 /* first.png in Resources */,
				FA0E944114D773F6003B0BF5 /* first@2x.png in Resources */,
				FA0E944614D773F6003B0BF5 /* second.png in Resources */,
				FA0E944814D773F6003B0BF5 /* second@2x.png in Resources */,
			);
			runOnlyForDeploymentPostprocessing = 0;
		};
/* End PBXResourcesBuildPhase section */

/* Begin PBXSourcesBuildPhase section */
		FA0E941E14D773F6003B0BF5 /* Sources */ = {
			isa = PBXSourcesBuildPhase;
			buildActionMask = 2147483647;
			files = (
				FA0E943314D773F6003B0BF5 /* main.m in Sources */,
				FA0E943714D773F6003B0BF5 /* AppDelegate.m in Sources */,
				FA0E943D14D773F6003B0BF5 /* FirstViewController.m in Sources */,
				FA0E944414D773F6003B0BF5 /* SecondViewController.m in Sources */,
			);
			runOnlyForDeploymentPostprocessing = 0;
		};
/* End PBXSourcesBuildPhase section */

/* Begin PBXVariantGroup section */
		FA0E942F14D773F6003B0BF5 /* InfoPlist.strings */ = {
			isa = PBXVariantGroup;
			children = (
				FA0E943014D773F6003B0BF5 /* en */,
			);
			name = InfoPlist.strings;
			sourceTree = "<group>";
		};
		FA0E943814D773F6003B0BF5 /* MainStoryboard.storyboard */ = {
			isa = PBXVariantGroup;
			children = (
				FA0E943914D773F6003B0BF5 /* en */,
			);
			name = MainStoryboard.storyboard;
			sourceTree = "<group>";
		};
/* End PBXVariantGroup section */

/* Begin XCBuildConfiguration section */
		FA0E944914D773F6003B0BF5 /* Debug */ = {
			isa = XCBuildConfiguration;
			buildSettings = {
				ALWAYS_SEARCH_USER_PATHS = NO;
				ARCHS = "$(ARCHS_STANDARD_32_BIT)";
				"CODE_SIGN_IDENTITY[sdk=iphoneos*]" = "iPhone Developer";
				COPY_PHASE_STRIP = NO;
				GCC_C_LANGUAGE_STANDARD = gnu99;
				GCC_DYNAMIC_NO_PIC = NO;
				GCC_OPTIMIZATION_LEVEL = 0;
				GCC_PREPROCESSOR_DEFINITIONS = (
					"DEBUG=1",
					"$(inherited)",
				);
				GCC_SYMBOLS_PRIVATE_EXTERN = NO;
				GCC_VERSION = com.apple.compilers.llvm.clang.1_0;
				GCC_WARN_ABOUT_MISSING_PROTOTYPES = YES;
				GCC_WARN_ABOUT_RETURN_TYPE = YES;
				GCC_WARN_UNUSED_VARIABLE = YES;
				IPHONEOS_DEPLOYMENT_TARGET = 5.0;
				SDKROOT = iphoneos;
				TARGETED_DEVICE_FAMILY = 2;
			};
			name = Debug;
		};
		FA0E944A14D773F6003B0BF5 /* Release */ = {
			isa = XCBuildConfiguration;
			buildSettings = {
				ALWAYS_SEARCH_USER_PATHS = NO;
				ARCHS = "$(ARCHS_STANDARD_32_BIT)";
				"CODE_SIGN_IDENTITY[sdk=iphoneos*]" = "iPhone Developer";
				COPY_PHASE_STRIP = YES;
				GCC_C_LANGUAGE_STANDARD = gnu99;
				GCC_VERSION = com.apple.compilers.llvm.clang.1_0;
				GCC_WARN_ABOUT_MISSING_PROTOTYPES = YES;
				GCC_WARN_ABOUT_RETURN_TYPE = YES;
				GCC_WARN_UNUSED_VARIABLE = YES;
				IPHONEOS_DEPLOYMENT_TARGET = 5.0;
				OTHER_CFLAGS = "-DNS_BLOCK_ASSERTIONS=1";
				SDKROOT = iphoneos;
				TARGETED_DEVICE_FAMILY = 2;
				VALIDATE_PRODUCT = YES;
			};
			name = Release;
		};
		FA0E944C14D773F6003B0BF5 /* Debug */ = {
			isa = XCBuildConfiguration;
			buildSettings = {
				GCC_PRECOMPILE_PREFIX_HEADER = YES;
				GCC_PREFIX_HEADER = "TP1Partie3/TP1Partie3-Prefix.pch";
				INFOPLIST_FILE = "TP1Partie3/TP1Partie3-Info.plist";
				PRODUCT_NAME = "$(TARGET_NAME)";
				WRAPPER_EXTENSION = app;
			};
			name = Debug;
		};
		FA0E944D14D773F6003B0BF5 /* Release */ = {
			isa = XCBuildConfiguration;
			buildSettings = {
				GCC_PRECOMPILE_PREFIX_HEADER = YES;
				GCC_PREFIX_HEADER = "TP1Partie3/TP1Partie3-Prefix.pch";
				INFOPLIST_FILE = "TP1Partie3/TP1Partie3-Info.plist";
				PRODUCT_NAME = "$(TARGET_NAME)";
				WRAPPER_EXTENSION = app;
			};
			name = Release;
		};
/* End XCBuildConfiguration section */

/* Begin XCConfigurationList section */
		FA0E941C14D773F5003B0BF5 /* Build configuration list for PBXProject "TP1Partie3" */ = {
			isa = XCConfigurationList;
			buildConfigurations = (
				FA0E944914D773F6003B0BF5 /* Debug */,
				FA0E944A14D773F6003B0BF5 /* Release */,
			);
			defaultConfigurationIsVisible = 0;
			defaultConfigurationName = Release;
		};
		FA0E944B14D773F6003B0BF5 /* Build configuration list for PBXNativeTarget "TP1Partie3" */ = {
			isa = XCConfigurationList;
			buildConfigurations = (
				FA0E944C14D773F6003B0BF5 /* Debug */,
				FA0E944D14D773F6003B0BF5 /* Release */,
			);
			defaultConfigurationIsVisible = 0;
		};
/* End XCConfigurationList section */
	};
	rootObject = FA0E941914D773F5003B0BF5 /* Project object */;
}
