// !$*UTF8*$!
{
	archiveVersion = 1;
	classes = {
	};
	objectVersion = 46;
	objects = {

/* Begin PBXBuildFile section */
		1B7E528614D76BAB00F562AA /* UIKit.framework in Frameworks */ = {isa = PBXBuildFile; fileRef = 1B7E528514D76BAB00F562AA /* UIKit.framework */; };
		1B7E528814D76BAB00F562AA /* Foundation.framework in Frameworks */ = {isa = PBXBuildFile; fileRef = 1B7E528714D76BAB00F562AA /* Foundation.framework */; };
		1B7E528A14D76BAB00F562AA /* CoreGraphics.framework in Frameworks */ = {isa = PBXBuildFile; fileRef = 1B7E528914D76BAB00F562AA /* CoreGraphics.framework */; };
		1B7E529014D76BAB00F562AA /* InfoPlist.strings in Resources */ = {isa = PBXBuildFile; fileRef = 1B7E528E14D76BAB00F562AA /* InfoPlist.strings */; };
		1B7E529214D76BAB00F562AA /* main.m in Sources */ = {isa = PBXBuildFile; fileRef = 1B7E529114D76BAB00F562AA /* main.m */; };
		1B7E529614D76BAB00F562AA /* AppDelegate.m in Sources */ = {isa = PBXBuildFile; fileRef = 1B7E529514D76BAB00F562AA /* AppDelegate.m */; };
		1B7E529E14D76BAB00F562AA /* SenTestingKit.framework in Frameworks */ = {isa = PBXBuildFile; fileRef = 1B7E529D14D76BAB00F562AA /* SenTestingKit.framework */; };
		1B7E529F14D76BAB00F562AA /* UIKit.framework in Frameworks */ = {isa = PBXBuildFile; fileRef = 1B7E528514D76BAB00F562AA /* UIKit.framework */; };
		1B7E52A014D76BAB00F562AA /* Foundation.framework in Frameworks */ = {isa = PBXBuildFile; fileRef = 1B7E528714D76BAB00F562AA /* Foundation.framework */; };
		1B7E52A814D76BAB00F562AA /* InfoPlist.strings in Resources */ = {isa = PBXBuildFile; fileRef = 1B7E52A614D76BAB00F562AA /* InfoPlist.strings */; };
		1B7E52AB14D76BAB00F562AA /* Labo1Tests.m in Sources */ = {isa = PBXBuildFile; fileRef = 1B7E52AA14D76BAB00F562AA /* Labo1Tests.m */; };
		1B7E52B514D76C0D00F562AA /* AppWindow.xib in Resources */ = {isa = PBXBuildFile; fileRef = 1B7E52B414D76C0D00F562AA /* AppWindow.xib */; };
/* End PBXBuildFile section */

/* Begin PBXContainerItemProxy section */
		1B7E52A114D76BAB00F562AA /* PBXContainerItemProxy */ = {
			isa = PBXContainerItemProxy;
			containerPortal = 1B7E527814D76BAB00F562AA /* Project object */;
			proxyType = 1;
			remoteGlobalIDString = 1B7E528014D76BAB00F562AA;
			remoteInfo = Labo1;
		};
/* End PBXContainerItemProxy section */

/* Begin PBXFileReference section */
		1B7E528114D76BAB00F562AA /* Labo1.app */ = {isa = PBXFileReference; explicitFileType = wrapper.application; includeInIndex = 0; path = Labo1.app; sourceTree = BUILT_PRODUCTS_DIR; };
		1B7E528514D76BAB00F562AA /* UIKit.framework */ = {isa = PBXFileReference; lastKnownFileType = wrapper.framework; name = UIKit.framework; path = System/Library/Frameworks/UIKit.framework; sourceTree = SDKROOT; };
		1B7E528714D76BAB00F562AA /* Foundation.framework */ = {isa = PBXFileReference; lastKnownFileType = wrapper.framework; name = Foundation.framework; path = System/Library/Frameworks/Foundation.framework; sourceTree = SDKROOT; };
		1B7E528914D76BAB00F562AA /* CoreGraphics.framework */ = {isa = PBXFileReference; lastKnownFileType = wrapper.framework; name = CoreGraphics.framework; path = System/Library/Frameworks/CoreGraphics.framework; sourceTree = SDKROOT; };
		1B7E528D14D76BAB00F562AA /* Labo1-Info.plist */ = {isa = PBXFileReference; lastKnownFileType = text.plist.xml; path = "Labo1-Info.plist"; sourceTree = "<group>"; };
		1B7E528F14D76BAB00F562AA /* en */ = {isa = PBXFileReference; lastKnownFileType = text.plist.strings; name = en; path = en.lproj/InfoPlist.strings; sourceTree = "<group>"; };
		1B7E529114D76BAB00F562AA /* main.m */ = {isa = PBXFileReference; lastKnownFileType = sourcecode.c.objc; path = main.m; sourceTree = "<group>"; };
		1B7E529314D76BAB00F562AA /* Labo1-Prefix.pch */ = {isa = PBXFileReference; lastKnownFileType = sourcecode.c.h; path = "Labo1-Prefix.pch"; sourceTree = "<group>"; };
		1B7E529414D76BAB00F562AA /* AppDelegate.h */ = {isa = PBXFileReference; lastKnownFileType = sourcecode.c.h; path = AppDelegate.h; sourceTree = "<group>"; };
		1B7E529514D76BAB00F562AA /* AppDelegate.m */ = {isa = PBXFileReference; lastKnownFileType = sourcecode.c.objc; path = AppDelegate.m; sourceTree = "<group>"; };
		1B7E529C14D76BAB00F562AA /* Labo1Tests.octest */ = {isa = PBXFileReference; explicitFileType = wrapper.cfbundle; includeInIndex = 0; path = Labo1Tests.octest; sourceTree = BUILT_PRODUCTS_DIR; };
		1B7E529D14D76BAB00F562AA /* SenTestingKit.framework */ = {isa = PBXFileReference; lastKnownFileType = wrapper.framework; name = SenTestingKit.framework; path = Library/Frameworks/SenTestingKit.framework; sourceTree = DEVELOPER_DIR; };
		1B7E52A514D76BAB00F562AA /* Labo1Tests-Info.plist */ = {isa = PBXFileReference; lastKnownFileType = text.plist.xml; path = "Labo1Tests-Info.plist"; sourceTree = "<group>"; };
		1B7E52A714D76BAB00F562AA /* en */ = {isa = PBXFileReference; lastKnownFileType = text.plist.strings; name = en; path = en.lproj/InfoPlist.strings; sourceTree = "<group>"; };
		1B7E52A914D76BAB00F562AA /* Labo1Tests.h */ = {isa = PBXFileReference; lastKnownFileType = sourcecode.c.h; path = Labo1Tests.h; sourceTree = "<group>"; };
		1B7E52AA14D76BAB00F562AA /* Labo1Tests.m */ = {isa = PBXFileReference; lastKnownFileType = sourcecode.c.objc; path = Labo1Tests.m; sourceTree = "<group>"; };
		1B7E52B414D76C0D00F562AA /* AppWindow.xib */ = {isa = PBXFileReference; fileEncoding = 4; lastKnownFileType = file.xib; path = AppWindow.xib; sourceTree = "<group>"; };
/* End PBXFileReference section */

/* Begin PBXFrameworksBuildPhase section */
		1B7E527E14D76BAB00F562AA /* Frameworks */ = {
			isa = PBXFrameworksBuildPhase;
			buildActionMask = 2147483647;
			files = (
				1B7E528614D76BAB00F562AA /* UIKit.framework in Frameworks */,
				1B7E528814D76BAB00F562AA /* Foundation.framework in Frameworks */,
				1B7E528A14D76BAB00F562AA /* CoreGraphics.framework in Frameworks */,
			);
			runOnlyForDeploymentPostprocessing = 0;
		};
		1B7E529814D76BAB00F562AA /* Frameworks */ = {
			isa = PBXFrameworksBuildPhase;
			buildActionMask = 2147483647;
			files = (
				1B7E529E14D76BAB00F562AA /* SenTestingKit.framework in Frameworks */,
				1B7E529F14D76BAB00F562AA /* UIKit.framework in Frameworks */,
				1B7E52A014D76BAB00F562AA /* Foundation.framework in Frameworks */,
			);
			runOnlyForDeploymentPostprocessing = 0;
		};
/* End PBXFrameworksBuildPhase section */

/* Begin PBXGroup section */
		1B7E527614D76BAB00F562AA = {
			isa = PBXGroup;
			children = (
				1B7E528B14D76BAB00F562AA /* Labo1 */,
				1B7E52A314D76BAB00F562AA /* Labo1Tests */,
				1B7E528414D76BAB00F562AA /* Frameworks */,
				1B7E528214D76BAB00F562AA /* Products */,
			);
			sourceTree = "<group>";
		};
		1B7E528214D76BAB00F562AA /* Products */ = {
			isa = PBXGroup;
			children = (
				1B7E528114D76BAB00F562AA /* Labo1.app */,
				1B7E529C14D76BAB00F562AA /* Labo1Tests.octest */,
			);
			name = Products;
			sourceTree = "<group>";
		};
		1B7E528414D76BAB00F562AA /* Frameworks */ = {
			isa = PBXGroup;
			children = (
				1B7E528514D76BAB00F562AA /* UIKit.framework */,
				1B7E528714D76BAB00F562AA /* Foundation.framework */,
				1B7E528914D76BAB00F562AA /* CoreGraphics.framework */,
				1B7E529D14D76BAB00F562AA /* SenTestingKit.framework */,
			);
			name = Frameworks;
			sourceTree = "<group>";
		};
		1B7E528B14D76BAB00F562AA /* Labo1 */ = {
			isa = PBXGroup;
			children = (
				1B7E529414D76BAB00F562AA /* AppDelegate.h */,
				1B7E529514D76BAB00F562AA /* AppDelegate.m */,
				1B7E52B414D76C0D00F562AA /* AppWindow.xib */,
				1B7E528C14D76BAB00F562AA /* Supporting Files */,
			);
			path = Labo1;
			sourceTree = "<group>";
		};
		1B7E528C14D76BAB00F562AA /* Supporting Files */ = {
			isa = PBXGroup;
			children = (
				1B7E528D14D76BAB00F562AA /* Labo1-Info.plist */,
				1B7E528E14D76BAB00F562AA /* InfoPlist.strings */,
				1B7E529114D76BAB00F562AA /* main.m */,
				1B7E529314D76BAB00F562AA /* Labo1-Prefix.pch */,
			);
			name = "Supporting Files";
			sourceTree = "<group>";
		};
		1B7E52A314D76BAB00F562AA /* Labo1Tests */ = {
			isa = PBXGroup;
			children = (
				1B7E52A914D76BAB00F562AA /* Labo1Tests.h */,
				1B7E52AA14D76BAB00F562AA /* Labo1Tests.m */,
				1B7E52A414D76BAB00F562AA /* Supporting Files */,
			);
			path = Labo1Tests;
			sourceTree = "<group>";
		};
		1B7E52A414D76BAB00F562AA /* Supporting Files */ = {
			isa = PBXGroup;
			children = (
				1B7E52A514D76BAB00F562AA /* Labo1Tests-Info.plist */,
				1B7E52A614D76BAB00F562AA /* InfoPlist.strings */,
			);
			name = "Supporting Files";
			sourceTree = "<group>";
		};
/* End PBXGroup section */

/* Begin PBXNativeTarget section */
		1B7E528014D76BAB00F562AA /* Labo1 */ = {
			isa = PBXNativeTarget;
			buildConfigurationList = 1B7E52AE14D76BAB00F562AA /* Build configuration list for PBXNativeTarget "Labo1" */;
			buildPhases = (
				1B7E527D14D76BAB00F562AA /* Sources */,
				1B7E527E14D76BAB00F562AA /* Frameworks */,
				1B7E527F14D76BAB00F562AA /* Resources */,
			);
			buildRules = (
			);
			dependencies = (
			);
			name = Labo1;
			productName = Labo1;
			productReference = 1B7E528114D76BAB00F562AA /* Labo1.app */;
			productType = "com.apple.product-type.application";
		};
		1B7E529B14D76BAB00F562AA /* Labo1Tests */ = {
			isa = PBXNativeTarget;
			buildConfigurationList = 1B7E52B114D76BAB00F562AA /* Build configuration list for PBXNativeTarget "Labo1Tests" */;
			buildPhases = (
				1B7E529714D76BAB00F562AA /* Sources */,
				1B7E529814D76BAB00F562AA /* Frameworks */,
				1B7E529914D76BAB00F562AA /* Resources */,
				1B7E529A14D76BAB00F562AA /* ShellScript */,
			);
			buildRules = (
			);
			dependencies = (
				1B7E52A214D76BAB00F562AA /* PBXTargetDependency */,
			);
			name = Labo1Tests;
			productName = Labo1Tests;
			productReference = 1B7E529C14D76BAB00F562AA /* Labo1Tests.octest */;
			productType = "com.apple.product-type.bundle";
		};
/* End PBXNativeTarget section */

/* Begin PBXProject section */
		1B7E527814D76BAB00F562AA /* Project object */ = {
			isa = PBXProject;
			attributes = {
				LastUpgradeCheck = 0420;
			};
			buildConfigurationList = 1B7E527B14D76BAB00F562AA /* Build configuration list for PBXProject "Labo1" */;
			compatibilityVersion = "Xcode 3.2";
			developmentRegion = English;
			hasScannedForEncodings = 0;
			knownRegions = (
				en,
			);
			mainGroup = 1B7E527614D76BAB00F562AA;
			productRefGroup = 1B7E528214D76BAB00F562AA /* Products */;
			projectDirPath = "";
			projectRoot = "";
			targets = (
				1B7E528014D76BAB00F562AA /* Labo1 */,
				1B7E529B14D76BAB00F562AA /* Labo1Tests */,
			);
		};
/* End PBXProject section */

/* Begin PBXResourcesBuildPhase section */
		1B7E527F14D76BAB00F562AA /* Resources */ = {
			isa = PBXResourcesBuildPhase;
			buildActionMask = 2147483647;
			files = (
				1B7E529014D76BAB00F562AA /* InfoPlist.strings in Resources */,
				1B7E52B514D76C0D00F562AA /* AppWindow.xib in Resources */,
			);
			runOnlyForDeploymentPostprocessing = 0;
		};
		1B7E529914D76BAB00F562AA /* Resources */ = {
			isa = PBXResourcesBuildPhase;
			buildActionMask = 2147483647;
			files = (
				1B7E52A814D76BAB00F562AA /* InfoPlist.strings in Resources */,
			);
			runOnlyForDeploymentPostprocessing = 0;
		};
/* End PBXResourcesBuildPhase section */

/* Begin PBXShellScriptBuildPhase section */
		1B7E529A14D76BAB00F562AA /* ShellScript */ = {
			isa = PBXShellScriptBuildPhase;
			buildActionMask = 2147483647;
			files = (
			);
			inputPaths = (
			);
			outputPaths = (
			);
			runOnlyForDeploymentPostprocessing = 0;
			shellPath = /bin/sh;
			shellScript = "# Run the unit tests in this test bundle.\n\"${SYSTEM_DEVELOPER_DIR}/Tools/RunUnitTests\"\n";
		};
/* End PBXShellScriptBuildPhase section */

/* Begin PBXSourcesBuildPhase section */
		1B7E527D14D76BAB00F562AA /* Sources */ = {
			isa = PBXSourcesBuildPhase;
			buildActionMask = 2147483647;
			files = (
				1B7E529214D76BAB00F562AA /* main.m in Sources */,
				1B7E529614D76BAB00F562AA /* AppDelegate.m in Sources */,
			);
			runOnlyForDeploymentPostprocessing = 0;
		};
		1B7E529714D76BAB00F562AA /* Sources */ = {
			isa = PBXSourcesBuildPhase;
			buildActionMask = 2147483647;
			files = (
				1B7E52AB14D76BAB00F562AA /* Labo1Tests.m in Sources */,
			);
			runOnlyForDeploymentPostprocessing = 0;
		};
/* End PBXSourcesBuildPhase section */

/* Begin PBXTargetDependency section */
		1B7E52A214D76BAB00F562AA /* PBXTargetDependency */ = {
			isa = PBXTargetDependency;
			target = 1B7E528014D76BAB00F562AA /* Labo1 */;
			targetProxy = 1B7E52A114D76BAB00F562AA /* PBXContainerItemProxy */;
		};
/* End PBXTargetDependency section */

/* Begin PBXVariantGroup section */
		1B7E528E14D76BAB00F562AA /* InfoPlist.strings */ = {
			isa = PBXVariantGroup;
			children = (
				1B7E528F14D76BAB00F562AA /* en */,
			);
			name = InfoPlist.strings;
			sourceTree = "<group>";
		};
		1B7E52A614D76BAB00F562AA /* InfoPlist.strings */ = {
			isa = PBXVariantGroup;
			children = (
				1B7E52A714D76BAB00F562AA /* en */,
			);
			name = InfoPlist.strings;
			sourceTree = "<group>";
		};
/* End PBXVariantGroup section */

/* Begin XCBuildConfiguration section */
		1B7E52AC14D76BAB00F562AA /* Debug */ = {
			isa = XCBuildConfiguration;
			buildSettings = {
				ALWAYS_SEARCH_USER_PATHS = NO;
				ARCHS = "$(ARCHS_STANDARD_32_BIT)";
				CLANG_ENABLE_OBJC_ARC = YES;
				"CODE_SIGN_IDENTITY[sdk=iphoneos*]" = "iPhone Developer";
				COPY_PHASE_STRIP = NO;
				GCC_C_LANGUAGE_STANDARD = gnu99;
				GCC_DYNAMIC_NO_PIC = NO;
				GCC_OPTIMIZATION_LEVEL = 0;
				GCC_PREPROCESSOR_DEFINITIONS = (
					"DEBUG=1",
					"$(inherited)",
				);
				GCC_SYMBOLS_PRIVATE_EXTERN = NO;
				GCC_VERSION = com.apple.compilers.llvm.clang.1_0;
				GCC_WARN_ABOUT_MISSING_PROTOTYPES = YES;
				GCC_WARN_ABOUT_RETURN_TYPE = YES;
				GCC_WARN_UNUSED_VARIABLE = YES;
				IPHONEOS_DEPLOYMENT_TARGET = 5.0;
				SDKROOT = iphoneos;
				TARGETED_DEVICE_FAMILY = 2;
			};
			name = Debug;
		};
		1B7E52AD14D76BAB00F562AA /* Release */ = {
			isa = XCBuildConfiguration;
			buildSettings = {
				ALWAYS_SEARCH_USER_PATHS = NO;
				ARCHS = "$(ARCHS_STANDARD_32_BIT)";
				CLANG_ENABLE_OBJC_ARC = YES;
				"CODE_SIGN_IDENTITY[sdk=iphoneos*]" = "iPhone Developer";
				COPY_PHASE_STRIP = YES;
				GCC_C_LANGUAGE_STANDARD = gnu99;
				GCC_VERSION = com.apple.compilers.llvm.clang.1_0;
				GCC_WARN_ABOUT_MISSING_PROTOTYPES = YES;
				GCC_WARN_ABOUT_RETURN_TYPE = YES;
				GCC_WARN_UNUSED_VARIABLE = YES;
				IPHONEOS_DEPLOYMENT_TARGET = 5.0;
				OTHER_CFLAGS = "-DNS_BLOCK_ASSERTIONS=1";
				SDKROOT = iphoneos;
				TARGETED_DEVICE_FAMILY = 2;
				VALIDATE_PRODUCT = YES;
			};
			name = Release;
		};
		1B7E52AF14D76BAB00F562AA /* Debug */ = {
			isa = XCBuildConfiguration;
			buildSettings = {
				GCC_PRECOMPILE_PREFIX_HEADER = YES;
				GCC_PREFIX_HEADER = "Labo1/Labo1-Prefix.pch";
				INFOPLIST_FILE = "Labo1/Labo1-Info.plist";
				PRODUCT_NAME = "$(TARGET_NAME)";
				WRAPPER_EXTENSION = app;
			};
			name = Debug;
		};
		1B7E52B014D76BAB00F562AA /* Release */ = {
			isa = XCBuildConfiguration;
			buildSettings = {
				GCC_PRECOMPILE_PREFIX_HEADER = YES;
				GCC_PREFIX_HEADER = "Labo1/Labo1-Prefix.pch";
				INFOPLIST_FILE = "Labo1/Labo1-Info.plist";
				PRODUCT_NAME = "$(TARGET_NAME)";
				WRAPPER_EXTENSION = app;
			};
			name = Release;
		};
		1B7E52B214D76BAB00F562AA /* Debug */ = {
			isa = XCBuildConfiguration;
			buildSettings = {
				BUNDLE_LOADER = "$(BUILT_PRODUCTS_DIR)/Labo1.app/Labo1";
				FRAMEWORK_SEARCH_PATHS = (
					"$(SDKROOT)/Developer/Library/Frameworks",
					"$(DEVELOPER_LIBRARY_DIR)/Frameworks",
				);
				GCC_PRECOMPILE_PREFIX_HEADER = YES;
				GCC_PREFIX_HEADER = "Labo1/Labo1-Prefix.pch";
				INFOPLIST_FILE = "Labo1Tests/Labo1Tests-Info.plist";
				PRODUCT_NAME = "$(TARGET_NAME)";
				TEST_HOST = "$(BUNDLE_LOADER)";
				WRAPPER_EXTENSION = octest;
			};
			name = Debug;
		};
		1B7E52B314D76BAB00F562AA /* Release */ = {
			isa = XCBuildConfiguration;
			buildSettings = {
				BUNDLE_LOADER = "$(BUILT_PRODUCTS_DIR)/Labo1.app/Labo1";
				FRAMEWORK_SEARCH_PATHS = (
					"$(SDKROOT)/Developer/Library/Frameworks",
					"$(DEVELOPER_LIBRARY_DIR)/Frameworks",
				);
				GCC_PRECOMPILE_PREFIX_HEADER = YES;
				GCC_PREFIX_HEADER = "Labo1/Labo1-Prefix.pch";
				INFOPLIST_FILE = "Labo1Tests/Labo1Tests-Info.plist";
				PRODUCT_NAME = "$(TARGET_NAME)";
				TEST_HOST = "$(BUNDLE_LOADER)";
				WRAPPER_EXTENSION = octest;
			};
			name = Release;
		};
/* End XCBuildConfiguration section */

/* Begin XCConfigurationList section */
		1B7E527B14D76BAB00F562AA /* Build configuration list for PBXProject "Labo1" */ = {
			isa = XCConfigurationList;
			buildConfigurations = (
				1B7E52AC14D76BAB00F562AA /* Debug */,
				1B7E52AD14D76BAB00F562AA /* Release */,
			);
			defaultConfigurationIsVisible = 0;
			defaultConfigurationName = Release;
		};
		1B7E52AE14D76BAB00F562AA /* Build configuration list for PBXNativeTarget "Labo1" */ = {
			isa = XCConfigurationList;
			buildConfigurations = (
				1B7E52AF14D76BAB00F562AA /* Debug */,
				1B7E52B014D76BAB00F562AA /* Release */,
			);
			defaultConfigurationIsVisible = 0;
		};
		1B7E52B114D76BAB00F562AA /* Build configuration list for PBXNativeTarget "Labo1Tests" */ = {
			isa = XCConfigurationList;
			buildConfigurations = (
				1B7E52B214D76BAB00F562AA /* Debug */,
				1B7E52B314D76BAB00F562AA /* Release */,
			);
			defaultConfigurationIsVisible = 0;
		};
/* End XCConfigurationList section */
	};
	rootObject = 1B7E527814D76BAB00F562AA /* Project object */;
}
